// !$*UTF8*$!
{
	archiveVersion = 1;
	classes = {
	};
	objectVersion = 56;
	objects = {

/* Begin PBXBuildFile section */
		5222D51846E9E620B9D34A3A /* AppStateTests.swift in Sources */ = {isa = PBXBuildFile; fileRef = 8A4381D9C45FFACC7F2B2447 /* AppStateTests.swift */; };
		69AD2A6EFB3F05B9F2C882C6 /* ReadinessDetectorTests.swift in Sources */ = {isa = PBXBuildFile; fileRef = BA907F976745B480AF6FE68A /* ReadinessDetectorTests.swift */; };
		A6938E063A3DA0EFC9E7E3AF /* ProcessManagerTests.swift in Sources */ = {isa = PBXBuildFile; fileRef = A30AE6C6BFE415E882336EA0 /* ProcessManagerTests.swift */; };
		AA0000010000000000000001 /* ServerAppBundleApp.swift in Sources */ = {isa = PBXBuildFile; fileRef = AA0000020000000000000001 /* ServerAppBundleApp.swift */; };
		AA0000030000000000000001 /* ContentView.swift in Sources */ = {isa = PBXBuildFile; fileRef = AA0000040000000000000001 /* ContentView.swift */; };
		AA0000050000000000000001 /* Assets.xcassets in Resources */ = {isa = PBXBuildFile; fileRef = AA0000060000000000000001 /* Assets.xcassets */; };
		AA0000070000000000000001 /* ServerConfiguration.swift in Sources */ = {isa = PBXBuildFile; fileRef = AA0000080000000000000001 /* ServerConfiguration.swift */; };
		AA0000090000000000000001 /* ConfigurationLoader.swift in Sources */ = {isa = PBXBuildFile; fileRef = AA0000100000000000000001 /* ConfigurationLoader.swift */; };
		AA0000110000000000000001 /* AppState.swift in Sources */ = {isa = PBXBuildFile; fileRef = AA0000120000000000000001 /* AppState.swift */; };
		AA0000290000000000000001 /* ProcessManager.swift in Sources */ = {isa = PBXBuildFile; fileRef = AA0000300000000000000001 /* ProcessManager.swift */; };
		AA0000310000000000000001 /* ReadinessDetector.swift in Sources */ = {isa = PBXBuildFile; fileRef = AA0000320000000000000001 /* ReadinessDetector.swift */; };
		AA0000330000000000000001 /* TerminalView.swift in Sources */ = {isa = PBXBuildFile; fileRef = AA0000340000000000000001 /* TerminalView.swift */; };
		AA0000350000000000000001 /* WebViewModel.swift in Sources */ = {isa = PBXBuildFile; fileRef = AA0000360000000000000001 /* WebViewModel.swift */; };
		AA0000370000000000000001 /* WebView.swift in Sources */ = {isa = PBXBuildFile; fileRef = AA0000380000000000000001 /* WebView.swift */; };
		AA0000390000000000000001 /* BrowserView.swift in Sources */ = {isa = PBXBuildFile; fileRef = AA0000400000000000000001 /* BrowserView.swift */; };
		AA0000410000000000000001 /* ScriptResolver.swift in Sources */ = {isa = PBXBuildFile; fileRef = AA0000420000000000000001 /* ScriptResolver.swift */; };
		AA0000430000000000000001 /* Credential.swift in Sources */ = {isa = PBXBuildFile; fileRef = AA0000440000000000000001 /* Credential.swift */; };
		AA0000450000000000000001 /* KeychainManager.swift in Sources */ = {isa = PBXBuildFile; fileRef = AA0000460000000000000001 /* KeychainManager.swift */; };
		AA0000470000000000000001 /* CredentialDetector.swift in Sources */ = {isa = PBXBuildFile; fileRef = AA0000480000000000000001 /* CredentialDetector.swift */; };
		AA0000490000000000000001 /* CredentialAutoFill.swift in Sources */ = {isa = PBXBuildFile; fileRef = AA0000500000000000000001 /* CredentialAutoFill.swift */; };
		AA0000510000000000000001 /* BrowserOpenInterceptor.swift in Sources */ = {isa = PBXBuildFile; fileRef = AA0000520000000000000001 /* BrowserOpenInterceptor.swift */; };
		D762656AA51717021A23ABA5 /* Cocoa.framework in Frameworks */ = {isa = PBXBuildFile; fileRef = 49AEA30FE641813D7DEE704F /* Cocoa.framework */; };
		D91F894D383E1BFCCFA9EB46 /* TerminalViewTests.swift in Sources */ = {isa = PBXBuildFile; fileRef = 0A0EABF5B2FC146043C746ED /* TerminalViewTests.swift */; };
		EF30FE22C9FF185834139A29 /* ConfigurationLoaderTests.swift in Sources */ = {isa = PBXBuildFile; fileRef = B3682CDDF8570672E3A561BA /* ConfigurationLoaderTests.swift */; };
/* End PBXBuildFile section */

/* Begin PBXContainerItemProxy section */
		347944C1D285920CC52BD162 /* PBXContainerItemProxy */ = {
			isa = PBXContainerItemProxy;
			containerPortal = AA0000230000000000000001 /* Project object */;
			proxyType = 1;
			remoteGlobalIDString = AA0000190000000000000001;
			remoteInfo = ServerAppBundle;
		};
/* End PBXContainerItemProxy section */

/* Begin PBXFileReference section */
		0A0EABF5B2FC146043C746ED /* TerminalViewTests.swift */ = {isa = PBXFileReference; includeInIndex = 1; lastKnownFileType = sourcecode.swift; path = TerminalViewTests.swift; sourceTree = "<group>"; };
		10838BF22602D13AF135D436 /* ServerAppBundleTests.xctest */ = {isa = PBXFileReference; explicitFileType = wrapper.cfbundle; includeInIndex = 0; path = ServerAppBundleTests.xctest; sourceTree = BUILT_PRODUCTS_DIR; };
		49AEA30FE641813D7DEE704F /* Cocoa.framework */ = {isa = PBXFileReference; lastKnownFileType = wrapper.framework; name = Cocoa.framework; path = Platforms/MacOSX.platform/Developer/SDKs/MacOSX15.0.sdk/System/Library/Frameworks/Cocoa.framework; sourceTree = DEVELOPER_DIR; };
		8A4381D9C45FFACC7F2B2447 /* AppStateTests.swift */ = {isa = PBXFileReference; includeInIndex = 1; lastKnownFileType = sourcecode.swift; path = AppStateTests.swift; sourceTree = "<group>"; };
		A30AE6C6BFE415E882336EA0 /* ProcessManagerTests.swift */ = {isa = PBXFileReference; includeInIndex = 1; lastKnownFileType = sourcecode.swift; path = ProcessManagerTests.swift; sourceTree = "<group>"; };
		AA0000020000000000000001 /* ServerAppBundleApp.swift */ = {isa = PBXFileReference; lastKnownFileType = sourcecode.swift; path = ServerAppBundleApp.swift; sourceTree = "<group>"; };
		AA0000040000000000000001 /* ContentView.swift */ = {isa = PBXFileReference; lastKnownFileType = sourcecode.swift; path = ContentView.swift; sourceTree = "<group>"; };
		AA0000060000000000000001 /* Assets.xcassets */ = {isa = PBXFileReference; lastKnownFileType = folder.assetcatalog; path = Assets.xcassets; sourceTree = "<group>"; };
		AA0000080000000000000001 /* ServerConfiguration.swift */ = {isa = PBXFileReference; lastKnownFileType = sourcecode.swift; path = ServerConfiguration.swift; sourceTree = "<group>"; };
		AA0000100000000000000001 /* ConfigurationLoader.swift */ = {isa = PBXFileReference; lastKnownFileType = sourcecode.swift; path = ConfigurationLoader.swift; sourceTree = "<group>"; };
		AA0000120000000000000001 /* AppState.swift */ = {isa = PBXFileReference; lastKnownFileType = sourcecode.swift; path = AppState.swift; sourceTree = "<group>"; };
		AA0000130000000000000001 /* ServerAppBundle.app */ = {isa = PBXFileReference; explicitFileType = wrapper.application; includeInIndex = 0; path = ServerAppBundle.app; sourceTree = BUILT_PRODUCTS_DIR; };
		AA0000140000000000000001 /* ServerAppBundle.entitlements */ = {isa = PBXFileReference; lastKnownFileType = text.plist.entitlements; path = ServerAppBundle.entitlements; sourceTree = "<group>"; };
		AA0000300000000000000001 /* ProcessManager.swift */ = {isa = PBXFileReference; lastKnownFileType = sourcecode.swift; path = ProcessManager.swift; sourceTree = "<group>"; };
		AA0000320000000000000001 /* ReadinessDetector.swift */ = {isa = PBXFileReference; lastKnownFileType = sourcecode.swift; path = ReadinessDetector.swift; sourceTree = "<group>"; };
		AA0000340000000000000001 /* TerminalView.swift */ = {isa = PBXFileReference; lastKnownFileType = sourcecode.swift; path = TerminalView.swift; sourceTree = "<group>"; };
		AA0000360000000000000001 /* WebViewModel.swift */ = {isa = PBXFileReference; lastKnownFileType = sourcecode.swift; path = WebViewModel.swift; sourceTree = "<group>"; };
		AA0000380000000000000001 /* WebView.swift */ = {isa = PBXFileReference; lastKnownFileType = sourcecode.swift; path = WebView.swift; sourceTree = "<group>"; };
		AA0000400000000000000001 /* BrowserView.swift */ = {isa = PBXFileReference; lastKnownFileType = sourcecode.swift; path = BrowserView.swift; sourceTree = "<group>"; };
		AA0000420000000000000001 /* ScriptResolver.swift */ = {isa = PBXFileReference; lastKnownFileType = sourcecode.swift; path = ScriptResolver.swift; sourceTree = "<group>"; };
		AA0000440000000000000001 /* Credential.swift */ = {isa = PBXFileReference; lastKnownFileType = sourcecode.swift; path = Credential.swift; sourceTree = "<group>"; };
		AA0000460000000000000001 /* KeychainManager.swift */ = {isa = PBXFileReference; lastKnownFileType = sourcecode.swift; path = KeychainManager.swift; sourceTree = "<group>"; };
		AA0000480000000000000001 /* CredentialDetector.swift */ = {isa = PBXFileReference; lastKnownFileType = sourcecode.swift; path = CredentialDetector.swift; sourceTree = "<group>"; };
		AA0000500000000000000001 /* CredentialAutoFill.swift */ = {isa = PBXFileReference; lastKnownFileType = sourcecode.swift; path = CredentialAutoFill.swift; sourceTree = "<group>"; };
		AA0000520000000000000001 /* BrowserOpenInterceptor.swift */ = {isa = PBXFileReference; lastKnownFileType = sourcecode.swift; path = BrowserOpenInterceptor.swift; sourceTree = "<group>"; };
		B3682CDDF8570672E3A561BA /* ConfigurationLoaderTests.swift */ = {isa = PBXFileReference; includeInIndex = 1; lastKnownFileType = sourcecode.swift; path = ConfigurationLoaderTests.swift; sourceTree = "<group>"; };
		BA907F976745B480AF6FE68A /* ReadinessDetectorTests.swift */ = {isa = PBXFileReference; includeInIndex = 1; lastKnownFileType = sourcecode.swift; path = ReadinessDetectorTests.swift; sourceTree = "<group>"; };
/* End PBXFileReference section */

/* Begin PBXFrameworksBuildPhase section */
		AA0000150000000000000001 /* Frameworks */ = {
			isa = PBXFrameworksBuildPhase;
			buildActionMask = 2147483647;
			files = (
			);
			runOnlyForDeploymentPostprocessing = 0;
		};
		F952946DF0F48DC6C0690271 /* Frameworks */ = {
			isa = PBXFrameworksBuildPhase;
			buildActionMask = 2147483647;
			files = (
				D762656AA51717021A23ABA5 /* Cocoa.framework in Frameworks */,
			);
			runOnlyForDeploymentPostprocessing = 0;
		};
/* End PBXFrameworksBuildPhase section */

/* Begin PBXGroup section */
		0B4F0D8594EBACDBE3D7B488 /* Frameworks */ = {
			isa = PBXGroup;
			children = (
				A37D4A4FDF0147A3BB368078 /* OS X */,
			);
			name = Frameworks;
			sourceTree = "<group>";
		};
		A37D4A4FDF0147A3BB368078 /* OS X */ = {
			isa = PBXGroup;
			children = (
				49AEA30FE641813D7DEE704F /* Cocoa.framework */,
			);
			name = "OS X";
			sourceTree = "<group>";
		};
		AA0000160000000000000001 = {
			isa = PBXGroup;
			children = (
				AA0000170000000000000001 /* ServerAppBundle */,
				AA0000180000000000000001 /* Products */,
				0B4F0D8594EBACDBE3D7B488 /* Frameworks */,
				C794A71C6E7738158E23A4AC /* ServerAppBundleTests */,
			);
			sourceTree = "<group>";
		};
		AA0000170000000000000001 /* ServerAppBundle */ = {
			isa = PBXGroup;
			children = (
				AA0000020000000000000001 /* ServerAppBundleApp.swift */,
				AA0000040000000000000001 /* ContentView.swift */,
				AA0000120000000000000001 /* AppState.swift */,
				AA0000300000000000000001 /* ProcessManager.swift */,
				AA0000320000000000000001 /* ReadinessDetector.swift */,
				AA0000340000000000000001 /* TerminalView.swift */,
				AA0000360000000000000001 /* WebViewModel.swift */,
				AA0000380000000000000001 /* WebView.swift */,
				AA0000400000000000000001 /* BrowserView.swift */,
				AA0000080000000000000001 /* ServerConfiguration.swift */,
				AA0000100000000000000001 /* ConfigurationLoader.swift */,
				AA0000420000000000000001 /* ScriptResolver.swift */,
				AA0000440000000000000001 /* Credential.swift */,
				AA0000460000000000000001 /* KeychainManager.swift */,
				AA0000480000000000000001 /* CredentialDetector.swift */,
				AA0000500000000000000001 /* CredentialAutoFill.swift */,
				AA0000520000000000000001 /* BrowserOpenInterceptor.swift */,
				AA0000060000000000000001 /* Assets.xcassets */,
				AA0000140000000000000001 /* ServerAppBundle.entitlements */,
			);
			path = ServerAppBundle;
			sourceTree = "<group>";
		};
		AA0000180000000000000001 /* Products */ = {
			isa = PBXGroup;
			children = (
				AA0000130000000000000001 /* ServerAppBundle.app */,
				10838BF22602D13AF135D436 /* ServerAppBundleTests.xctest */,
			);
			name = Products;
			sourceTree = "<group>";
		};
		C794A71C6E7738158E23A4AC /* ServerAppBundleTests */ = {
			isa = PBXGroup;
			children = (
				8A4381D9C45FFACC7F2B2447 /* AppStateTests.swift */,
				B3682CDDF8570672E3A561BA /* ConfigurationLoaderTests.swift */,
				A30AE6C6BFE415E882336EA0 /* ProcessManagerTests.swift */,
				BA907F976745B480AF6FE68A /* ReadinessDetectorTests.swift */,
				0A0EABF5B2FC146043C746ED /* TerminalViewTests.swift */,
			);
			name = ServerAppBundleTests;
			path = ServerAppBundleTests;
			sourceTree = "<group>";
		};
/* End PBXGroup section */

/* Begin PBXNativeTarget section */
		12C5F0B09F263FB77528CE8B /* ServerAppBundleTests */ = {
			isa = PBXNativeTarget;
			buildConfigurationList = 08E450555C1867FB09E68668 /* Build configuration list for PBXNativeTarget "ServerAppBundleTests" */;
			buildPhases = (
				EC05DFC787AECA0805F945D1 /* Sources */,
				F952946DF0F48DC6C0690271 /* Frameworks */,
				47836A907C2D4D938801AB3C /* Resources */,
			);
			buildRules = (
			);
			dependencies = (
				AE3D2964497E2E2F87B1CFEE /* PBXTargetDependency */,
			);
			name = ServerAppBundleTests;
			productName = ServerAppBundleTests;
			productReference = 10838BF22602D13AF135D436 /* ServerAppBundleTests.xctest */;
			productType = "com.apple.product-type.bundle.unit-test";
		};
		AA0000190000000000000001 /* ServerAppBundle */ = {
			isa = PBXNativeTarget;
			buildConfigurationList = AA0000200000000000000001 /* Build configuration list for PBXNativeTarget "ServerAppBundle" */;
			buildPhases = (
				AA0000210000000000000001 /* Sources */,
				AA0000150000000000000001 /* Frameworks */,
				AA0000220000000000000001 /* Resources */,
			);
			buildRules = (
			);
			dependencies = (
			);
			name = ServerAppBundle;
			productName = ServerAppBundle;
			productReference = AA0000130000000000000001 /* ServerAppBundle.app */;
			productType = "com.apple.product-type.application";
		};
/* End PBXNativeTarget section */

/* Begin PBXProject section */
		AA0000230000000000000001 /* Project object */ = {
			isa = PBXProject;
			attributes = {
				BuildIndependentTargetsInParallel = 1;
				LastSwiftUpdateCheck = 1500;
				LastUpgradeCheck = 1500;
				TargetAttributes = {
					AA0000190000000000000001 = {
						CreatedOnToolsVersion = 15.0;
					};
				};
			};
			buildConfigurationList = AA0000240000000000000001 /* Build configuration list for PBXProject "ServerAppBundle" */;
			compatibilityVersion = "Xcode 14.0";
			developmentRegion = en;
			hasScannedForEncodings = 0;
			knownRegions = (
				en,
				Base,
			);
			mainGroup = AA0000160000000000000001;
			productRefGroup = AA0000180000000000000001 /* Products */;
			projectDirPath = "";
			projectRoot = "";
			targets = (
				AA0000190000000000000001 /* ServerAppBundle */,
				12C5F0B09F263FB77528CE8B /* ServerAppBundleTests */,
			);
		};
/* End PBXProject section */

/* Begin PBXResourcesBuildPhase section */
		47836A907C2D4D938801AB3C /* Resources */ = {
			isa = PBXResourcesBuildPhase;
			buildActionMask = 2147483647;
			files = (
			);
			runOnlyForDeploymentPostprocessing = 0;
		};
		AA0000220000000000000001 /* Resources */ = {
			isa = PBXResourcesBuildPhase;
			buildActionMask = 2147483647;
			files = (
				AA0000050000000000000001 /* Assets.xcassets in Resources */,
			);
			runOnlyForDeploymentPostprocessing = 0;
		};
/* End PBXResourcesBuildPhase section */

/* Begin PBXSourcesBuildPhase section */
		AA0000210000000000000001 /* Sources */ = {
			isa = PBXSourcesBuildPhase;
			buildActionMask = 2147483647;
			files = (
				AA0000030000000000000001 /* ContentView.swift in Sources */,
				AA0000010000000000000001 /* ServerAppBundleApp.swift in Sources */,
				AA0000070000000000000001 /* ServerConfiguration.swift in Sources */,
				AA0000090000000000000001 /* ConfigurationLoader.swift in Sources */,
				AA0000110000000000000001 /* AppState.swift in Sources */,
				AA0000290000000000000001 /* ProcessManager.swift in Sources */,
				AA0000310000000000000001 /* ReadinessDetector.swift in Sources */,
				AA0000330000000000000001 /* TerminalView.swift in Sources */,
				AA0000350000000000000001 /* WebViewModel.swift in Sources */,
				AA0000370000000000000001 /* WebView.swift in Sources */,
				AA0000390000000000000001 /* BrowserView.swift in Sources */,
				AA0000410000000000000001 /* ScriptResolver.swift in Sources */,
				AA0000430000000000000001 /* Credential.swift in Sources */,
				AA0000450000000000000001 /* KeychainManager.swift in Sources */,
				AA0000470000000000000001 /* CredentialDetector.swift in Sources */,
				AA0000490000000000000001 /* CredentialAutoFill.swift in Sources */,
				AA0000510000000000000001 /* BrowserOpenInterceptor.swift in Sources */,
			);
			runOnlyForDeploymentPostprocessing = 0;
		};
		EC05DFC787AECA0805F945D1 /* Sources */ = {
			isa = PBXSourcesBuildPhase;
			buildActionMask = 2147483647;
			files = (
				5222D51846E9E620B9D34A3A /* AppStateTests.swift in Sources */,
				EF30FE22C9FF185834139A29 /* ConfigurationLoaderTests.swift in Sources */,
				A6938E063A3DA0EFC9E7E3AF /* ProcessManagerTests.swift in Sources */,
				69AD2A6EFB3F05B9F2C882C6 /* ReadinessDetectorTests.swift in Sources */,
				D91F894D383E1BFCCFA9EB46 /* TerminalViewTests.swift in Sources */,
			);
			runOnlyForDeploymentPostprocessing = 0;
		};
/* End PBXSourcesBuildPhase section */

/* Begin PBXTargetDependency section */
		AE3D2964497E2E2F87B1CFEE /* PBXTargetDependency */ = {
			isa = PBXTargetDependency;
			name = ServerAppBundle;
			target = AA0000190000000000000001 /* ServerAppBundle */;
			targetProxy = 347944C1D285920CC52BD162 /* PBXContainerItemProxy */;
		};
/* End PBXTargetDependency section */

/* Begin XCBuildConfiguration section */
		AA0000250000000000000001 /* Debug */ = {
			isa = XCBuildConfiguration;
			buildSettings = {
				ALWAYS_SEARCH_USER_PATHS = NO;
				ASSETCATALOG_COMPILER_GENERATE_SWIFT_ASSET_SYMBOL_EXTENSIONS = YES;
				CLANG_ANALYZER_NONNULL = YES;
				CLANG_ANALYZER_NUMBER_OBJECT_CONVERSION = YES_AGGRESSIVE;
				CLANG_CXX_LANGUAGE_STANDARD = "gnu++20";
				CLANG_ENABLE_MODULES = YES;
				CLANG_ENABLE_OBJC_ARC = YES;
				CLANG_ENABLE_OBJC_WEAK = YES;
				CLANG_WARN_BLOCK_CAPTURE_AUTORELEASING = YES;
				CLANG_WARN_BOOL_CONVERSION = YES;
				CLANG_WARN_COMMA = YES;
				CLANG_WARN_CONSTANT_CONVERSION = YES;
				CLANG_WARN_DEPRECATED_OBJC_IMPLEMENTATIONS = YES;
				CLANG_WARN_DIRECT_OBJC_ISA_USAGE = YES_ERROR;
				CLANG_WARN_DOCUMENTATION_COMMENTS = YES;
				CLANG_WARN_EMPTY_BODY = YES;
				CLANG_WARN_ENUM_CONVERSION = YES;
				CLANG_WARN_INFINITE_RECURSION = YES;
				CLANG_WARN_INT_CONVERSION = YES;
				CLANG_WARN_NON_LITERAL_NULL_CONVERSION = YES;
				CLANG_WARN_OBJC_IMPLICIT_RETAIN_SELF = YES;
				CLANG_WARN_OBJC_LITERAL_CONVERSION = YES;
				CLANG_WARN_OBJC_ROOT_CLASS = YES_ERROR;
				CLANG_WARN_QUOTED_INCLUDE_IN_FRAMEWORK_HEADER = YES;
				CLANG_WARN_RANGE_LOOP_ANALYSIS = YES;
				CLANG_WARN_STRICT_PROTOTYPES = YES;
				CLANG_WARN_SUSPICIOUS_MOVE = YES;
				CLANG_WARN_UNGUARDED_AVAILABILITY = YES_AGGRESSIVE;
				CLANG_WARN_UNREACHABLE_CODE = YES;
				CLANG_WARN__DUPLICATE_METHOD_MATCH = YES;
				COPY_PHASE_STRIP = NO;
				DEBUG_INFORMATION_FORMAT = dwarf;
				ENABLE_STRICT_OBJC_MSGSEND = YES;
				ENABLE_TESTABILITY = YES;
				ENABLE_USER_SCRIPT_SANDBOXING = YES;
				GCC_C_LANGUAGE_STANDARD = gnu17;
				GCC_DYNAMIC_NO_PIC = NO;
				GCC_NO_COMMON_BLOCKS = YES;
				GCC_OPTIMIZATION_LEVEL = 0;
				GCC_PREPROCESSOR_DEFINITIONS = (
					"DEBUG=1",
					"$(inherited)",
				);
				GCC_WARN_64_TO_32_BIT_CONVERSION = YES;
				GCC_WARN_ABOUT_RETURN_TYPE = YES_ERROR;
				GCC_WARN_UNDECLARED_SELECTOR = YES;
				GCC_WARN_UNINITIALIZED_AUTOS = YES_AGGRESSIVE;
				GCC_WARN_UNUSED_FUNCTION = YES;
				GCC_WARN_UNUSED_VARIABLE = YES;
				LOCALIZATION_PREFERS_STRING_CATALOGS = YES;
				MACOSX_DEPLOYMENT_TARGET = 13.0;
				MTL_ENABLE_DEBUG_INFO = INCLUDE_SOURCE;
				MTL_FAST_MATH = YES;
				ONLY_ACTIVE_ARCH = YES;
				SDKROOT = macosx;
				SWIFT_ACTIVE_COMPILATION_CONDITIONS = "DEBUG $(inherited)";
				SWIFT_OPTIMIZATION_LEVEL = "-Onone";
			};
			name = Debug;
		};
		AA0000260000000000000001 /* Release */ = {
			isa = XCBuildConfiguration;
			buildSettings = {
				ALWAYS_SEARCH_USER_PATHS = NO;
				ASSETCATALOG_COMPILER_GENERATE_SWIFT_ASSET_SYMBOL_EXTENSIONS = YES;
				CLANG_ANALYZER_NONNULL = YES;
				CLANG_ANALYZER_NUMBER_OBJECT_CONVERSION = YES_AGGRESSIVE;
				CLANG_CXX_LANGUAGE_STANDARD = "gnu++20";
				CLANG_ENABLE_MODULES = YES;
				CLANG_ENABLE_OBJC_ARC = YES;
				CLANG_ENABLE_OBJC_WEAK = YES;
				CLANG_WARN_BLOCK_CAPTURE_AUTORELEASING = YES;
				CLANG_WARN_BOOL_CONVERSION = YES;
				CLANG_WARN_COMMA = YES;
				CLANG_WARN_CONSTANT_CONVERSION = YES;
				CLANG_WARN_DEPRECATED_OBJC_IMPLEMENTATIONS = YES;
				CLANG_WARN_DIRECT_OBJC_ISA_USAGE = YES_ERROR;
				CLANG_WARN_DOCUMENTATION_COMMENTS = YES;
				CLANG_WARN_EMPTY_BODY = YES;
				CLANG_WARN_ENUM_CONVERSION = YES;
				CLANG_WARN_INFINITE_RECURSION = YES;
				CLANG_WARN_INT_CONVERSION = YES;
				CLANG_WARN_NON_LITERAL_NULL_CONVERSION = YES;
				CLANG_WARN_OBJC_IMPLICIT_RETAIN_SELF = YES;
				CLANG_WARN_OBJC_LITERAL_CONVERSION = YES;
				CLANG_WARN_OBJC_ROOT_CLASS = YES_ERROR;
				CLANG_WARN_QUOTED_INCLUDE_IN_FRAMEWORK_HEADER = YES;
				CLANG_WARN_RANGE_LOOP_ANALYSIS = YES;
				CLANG_WARN_STRICT_PROTOTYPES = YES;
				CLANG_WARN_SUSPICIOUS_MOVE = YES;
				CLANG_WARN_UNGUARDED_AVAILABILITY = YES_AGGRESSIVE;
				CLANG_WARN_UNREACHABLE_CODE = YES;
				CLANG_WARN__DUPLICATE_METHOD_MATCH = YES;
				COPY_PHASE_STRIP = NO;
				DEBUG_INFORMATION_FORMAT = "dwarf-with-dsym";
				ENABLE_NS_ASSERTIONS = NO;
				ENABLE_STRICT_OBJC_MSGSEND = YES;
				ENABLE_USER_SCRIPT_SANDBOXING = YES;
				GCC_C_LANGUAGE_STANDARD = gnu17;
				GCC_NO_COMMON_BLOCKS = YES;
				GCC_WARN_64_TO_32_BIT_CONVERSION = YES;
				GCC_WARN_ABOUT_RETURN_TYPE = YES_ERROR;
				GCC_WARN_UNDECLARED_SELECTOR = YES;
				GCC_WARN_UNINITIALIZED_AUTOS = YES_AGGRESSIVE;
				GCC_WARN_UNUSED_FUNCTION = YES;
				GCC_WARN_UNUSED_VARIABLE = YES;
				LOCALIZATION_PREFERS_STRING_CATALOGS = YES;
				MACOSX_DEPLOYMENT_TARGET = 13.0;
				MTL_ENABLE_DEBUG_INFO = NO;
				MTL_FAST_MATH = YES;
				SDKROOT = macosx;
				SWIFT_COMPILATION_MODE = wholemodule;
			};
			name = Release;
		};
		AA0000270000000000000001 /* Debug */ = {
			isa = XCBuildConfiguration;
			buildSettings = {
				ASSETCATALOG_COMPILER_APPICON_NAME = AppIcon;
				ASSETCATALOG_COMPILER_GLOBAL_ACCENT_COLOR_NAME = AccentColor;
				CODE_SIGN_ENTITLEMENTS = ServerAppBundle/ServerAppBundle.entitlements;
				CODE_SIGN_STYLE = Automatic;
				COMBINE_HIDPI_IMAGES = YES;
				CURRENT_PROJECT_VERSION = 1;
				DEVELOPMENT_ASSET_PATHS = "";
				ENABLE_APP_SANDBOX = NO;
				ENABLE_HARDENED_RUNTIME = YES;
				ENABLE_PREVIEWS = YES;
				GENERATE_INFOPLIST_FILE = YES;
				INFOPLIST_KEY_CFBundleDisplayName = "Server App Bundle";
				INFOPLIST_KEY_LSApplicationCategoryType = "public.app-category.developer-tools";
				INFOPLIST_KEY_NSHumanReadableCopyright = "";
				LD_RUNPATH_SEARCH_PATHS = (
					"$(inherited)",
					"@executable_path/../Frameworks",
				);
				MARKETING_VERSION = 1.0;
				PRODUCT_BUNDLE_IDENTIFIER = com.localserverwrapper.serverappbundle;
				PRODUCT_NAME = "$(TARGET_NAME)";
				SWIFT_EMIT_LOC_STRINGS = YES;
				SWIFT_VERSION = 5.0;
			};
			name = Debug;
		};
		AA0000280000000000000001 /* Release */ = {
			isa = XCBuildConfiguration;
			buildSettings = {
				ASSETCATALOG_COMPILER_APPICON_NAME = AppIcon;
				ASSETCATALOG_COMPILER_GLOBAL_ACCENT_COLOR_NAME = AccentColor;
				CODE_SIGN_ENTITLEMENTS = ServerAppBundle/ServerAppBundle.entitlements;
				CODE_SIGN_STYLE = Automatic;
				COMBINE_HIDPI_IMAGES = YES;
				CURRENT_PROJECT_VERSION = 1;
				DEVELOPMENT_ASSET_PATHS = "";
				ENABLE_APP_SANDBOX = NO;
				ENABLE_HARDENED_RUNTIME = YES;
				ENABLE_PREVIEWS = YES;
				GENERATE_INFOPLIST_FILE = YES;
				INFOPLIST_KEY_CFBundleDisplayName = "Server App Bundle";
				INFOPLIST_KEY_LSApplicationCategoryType = "public.app-category.developer-tools";
				INFOPLIST_KEY_NSHumanReadableCopyright = "";
				LD_RUNPATH_SEARCH_PATHS = (
					"$(inherited)",
					"@executable_path/../Frameworks",
				);
				MARKETING_VERSION = 1.0;
				PRODUCT_BUNDLE_IDENTIFIER = com.localserverwrapper.serverappbundle;
				PRODUCT_NAME = "$(TARGET_NAME)";
				SWIFT_EMIT_LOC_STRINGS = YES;
				SWIFT_VERSION = 5.0;
			};
			name = Release;
		};
		CA796DD824071C4C49DDC326 /* Release */ = {
			isa = XCBuildConfiguration;
			buildSettings = {
				BUNDLE_LOADER = "$(TEST_HOST)";
				CODE_SIGN_STYLE = Automatic;
				GENERATE_INFOPLIST_FILE = YES;
				MACOSX_DEPLOYMENT_TARGET = 13.0;
				PRODUCT_BUNDLE_IDENTIFIER = com.localserverwrapper.serverappbundle.tests;
				PRODUCT_NAME = "$(TARGET_NAME)";
				SDKROOT = macosx;
				SWIFT_EMIT_LOC_STRINGS = NO;
				SWIFT_VERSION = 5.0;
				TEST_HOST = "$(BUILT_PRODUCTS_DIR)/ServerAppBundle.app/$(BUNDLE_EXECUTABLE_FOLDER_PATH)/ServerAppBundle";
			};
			name = Release;
		};
		F10E0EB179D4CDF06EDE04CA /* Debug */ = {
			isa = XCBuildConfiguration;
			buildSettings = {
				BUNDLE_LOADER = "$(TEST_HOST)";
				CODE_SIGN_STYLE = Automatic;
				GENERATE_INFOPLIST_FILE = YES;
				MACOSX_DEPLOYMENT_TARGET = 13.0;
				PRODUCT_BUNDLE_IDENTIFIER = com.localserverwrapper.serverappbundle.tests;
				PRODUCT_NAME = "$(TARGET_NAME)";
				SDKROOT = macosx;
				SWIFT_EMIT_LOC_STRINGS = NO;
				SWIFT_VERSION = 5.0;
				TEST_HOST = "$(BUILT_PRODUCTS_DIR)/ServerAppBundle.app/$(BUNDLE_EXECUTABLE_FOLDER_PATH)/ServerAppBundle";
			};
			name = Debug;
		};
/* End XCBuildConfiguration section */

/* Begin XCConfigurationList section */
		08E450555C1867FB09E68668 /* Build configuration list for PBXNativeTarget "ServerAppBundleTests" */ = {
			isa = XCConfigurationList;
			buildConfigurations = (
				CA796DD824071C4C49DDC326 /* Release */,
				F10E0EB179D4CDF06EDE04CA /* Debug */,
			);
			defaultConfigurationIsVisible = 0;
			defaultConfigurationName = Release;
		};
		AA0000200000000000000001 /* Build configuration list for PBXNativeTarget "ServerAppBundle" */ = {
			isa = XCConfigurationList;
			buildConfigurations = (
				AA0000270000000000000001 /* Debug */,
				AA0000280000000000000001 /* Release */,
			);
			defaultConfigurationIsVisible = 0;
			defaultConfigurationName = Release;
		};
		AA0000240000000000000001 /* Build configuration list for PBXProject "ServerAppBundle" */ = {
			isa = XCConfigurationList;
			buildConfigurations = (
				AA0000250000000000000001 /* Debug */,
				AA0000260000000000000001 /* Release */,
			);
			defaultConfigurationIsVisible = 0;
			defaultConfigurationName = Release;
		};
/* End XCConfigurationList section */
	};
	rootObject = AA0000230000000000000001 /* Project object */;
}
